// !$*UTF8*$!
{
	archiveVersion = 1;
	classes = {
	};
	objectVersion = 55;
	objects = {

/* Begin PBXBuildFile section */
		13AD9BE02BEA33BD00FEB667 /* AppDelegate.swift in Sources */ = {isa = PBXBuildFile; fileRef = 13AD9BDF2BEA33BD00FEB667 /* AppDelegate.swift */; };
		13AD9BE22BEA33BD00FEB667 /* SceneDelegate.swift in Sources */ = {isa = PBXBuildFile; fileRef = 13AD9BE12BEA33BD00FEB667 /* SceneDelegate.swift */; };
		13AD9BE42BEA33BD00FEB667 /* ViewController.swift in Sources */ = {isa = PBXBuildFile; fileRef = 13AD9BE32BEA33BD00FEB667 /* ViewController.swift */; };
		13AD9BE92BEA33C300FEB667 /* Assets.xcassets in Resources */ = {isa = PBXBuildFile; fileRef = 13AD9BE82BEA33C300FEB667 /* Assets.xcassets */; };
		13AD9BEC2BEA33C300FEB667 /* LaunchScreen.storyboard in Resources */ = {isa = PBXBuildFile; fileRef = 13AD9BEA2BEA33C300FEB667 /* LaunchScreen.storyboard */; };
		13AD9BF72BEA33C300FEB667 /* PokedexMvvmTests.swift in Sources */ = {isa = PBXBuildFile; fileRef = 13AD9BF62BEA33C300FEB667 /* PokedexMvvmTests.swift */; };
		13AD9C012BEA33C300FEB667 /* PokedexMvvmUITests.swift in Sources */ = {isa = PBXBuildFile; fileRef = 13AD9C002BEA33C300FEB667 /* PokedexMvvmUITests.swift */; };
		13AD9C032BEA33C300FEB667 /* PokedexMvvmUITestsLaunchTests.swift in Sources */ = {isa = PBXBuildFile; fileRef = 13AD9C022BEA33C300FEB667 /* PokedexMvvmUITestsLaunchTests.swift */; };
/* End PBXBuildFile section */

/* Begin PBXContainerItemProxy section */
		13AD9BF32BEA33C300FEB667 /* PBXContainerItemProxy */ = {
			isa = PBXContainerItemProxy;
			containerPortal = 13AD9BD42BEA33BD00FEB667 /* Project object */;
			proxyType = 1;
			remoteGlobalIDString = 13AD9BDB2BEA33BD00FEB667;
			remoteInfo = PokedexMvvm;
		};
		13AD9BFD2BEA33C300FEB667 /* PBXContainerItemProxy */ = {
			isa = PBXContainerItemProxy;
			containerPortal = 13AD9BD42BEA33BD00FEB667 /* Project object */;
			proxyType = 1;
			remoteGlobalIDString = 13AD9BDB2BEA33BD00FEB667;
			remoteInfo = PokedexMvvm;
		};
/* End PBXContainerItemProxy section */

/* Begin PBXFileReference section */
		13AD9BDC2BEA33BD00FEB667 /* PokedexMvvm.app */ = {isa = PBXFileReference; explicitFileType = wrapper.application; includeInIndex = 0; path = PokedexMvvm.app; sourceTree = BUILT_PRODUCTS_DIR; };
		13AD9BDF2BEA33BD00FEB667 /* AppDelegate.swift */ = {isa = PBXFileReference; lastKnownFileType = sourcecode.swift; path = AppDelegate.swift; sourceTree = "<group>"; };
		13AD9BE12BEA33BD00FEB667 /* SceneDelegate.swift */ = {isa = PBXFileReference; lastKnownFileType = sourcecode.swift; path = SceneDelegate.swift; sourceTree = "<group>"; };
		13AD9BE32BEA33BD00FEB667 /* ViewController.swift */ = {isa = PBXFileReference; lastKnownFileType = sourcecode.swift; path = ViewController.swift; sourceTree = "<group>"; };
		13AD9BE82BEA33C300FEB667 /* Assets.xcassets */ = {isa = PBXFileReference; lastKnownFileType = folder.assetcatalog; path = Assets.xcassets; sourceTree = "<group>"; };
		13AD9BEB2BEA33C300FEB667 /* Base */ = {isa = PBXFileReference; lastKnownFileType = file.storyboard; name = Base; path = Base.lproj/LaunchScreen.storyboard; sourceTree = "<group>"; };
		13AD9BED2BEA33C300FEB667 /* Info.plist */ = {isa = PBXFileReference; lastKnownFileType = text.plist.xml; path = Info.plist; sourceTree = "<group>"; };
		13AD9BF22BEA33C300FEB667 /* PokedexMvvmTests.xctest */ = {isa = PBXFileReference; explicitFileType = wrapper.cfbundle; includeInIndex = 0; path = PokedexMvvmTests.xctest; sourceTree = BUILT_PRODUCTS_DIR; };
		13AD9BF62BEA33C300FEB667 /* PokedexMvvmTests.swift */ = {isa = PBXFileReference; lastKnownFileType = sourcecode.swift; path = PokedexMvvmTests.swift; sourceTree = "<group>"; };
		13AD9BFC2BEA33C300FEB667 /* PokedexMvvmUITests.xctest */ = {isa = PBXFileReference; explicitFileType = wrapper.cfbundle; includeInIndex = 0; path = PokedexMvvmUITests.xctest; sourceTree = BUILT_PRODUCTS_DIR; };
		13AD9C002BEA33C300FEB667 /* PokedexMvvmUITests.swift */ = {isa = PBXFileReference; lastKnownFileType = sourcecode.swift; path = PokedexMvvmUITests.swift; sourceTree = "<group>"; };
		13AD9C022BEA33C300FEB667 /* PokedexMvvmUITestsLaunchTests.swift */ = {isa = PBXFileReference; lastKnownFileType = sourcecode.swift; path = PokedexMvvmUITestsLaunchTests.swift; sourceTree = "<group>"; };
/* End PBXFileReference section */

/* Begin PBXFrameworksBuildPhase section */
		13AD9BD92BEA33BD00FEB667 /* Frameworks */ = {
			isa = PBXFrameworksBuildPhase;
			buildActionMask = 2147483647;
			files = (
			);
			runOnlyForDeploymentPostprocessing = 0;
		};
		13AD9BEF2BEA33C300FEB667 /* Frameworks */ = {
			isa = PBXFrameworksBuildPhase;
			buildActionMask = 2147483647;
			files = (
			);
			runOnlyForDeploymentPostprocessing = 0;
		};
		13AD9BF92BEA33C300FEB667 /* Frameworks */ = {
			isa = PBXFrameworksBuildPhase;
			buildActionMask = 2147483647;
			files = (
			);
			runOnlyForDeploymentPostprocessing = 0;
		};
/* End PBXFrameworksBuildPhase section */

/* Begin PBXGroup section */
		13AD9BD32BEA33BD00FEB667 = {
			isa = PBXGroup;
			children = (
				13AD9BDE2BEA33BD00FEB667 /* PokedexMvvm */,
				13AD9BF52BEA33C300FEB667 /* PokedexMvvmTests */,
				13AD9BFF2BEA33C300FEB667 /* PokedexMvvmUITests */,
				13AD9BDD2BEA33BD00FEB667 /* Products */,
			);
			sourceTree = "<group>";
		};
		13AD9BDD2BEA33BD00FEB667 /* Products */ = {
			isa = PBXGroup;
			children = (
				13AD9BDC2BEA33BD00FEB667 /* PokedexMvvm.app */,
				13AD9BF22BEA33C300FEB667 /* PokedexMvvmTests.xctest */,
				13AD9BFC2BEA33C300FEB667 /* PokedexMvvmUITests.xctest */,
			);
			name = Products;
			sourceTree = "<group>";
		};
		13AD9BDE2BEA33BD00FEB667 /* PokedexMvvm */ = {
			isa = PBXGroup;
			children = (
				13AD9BDF2BEA33BD00FEB667 /* AppDelegate.swift */,
				13AD9BE12BEA33BD00FEB667 /* SceneDelegate.swift */,
				13AD9BE32BEA33BD00FEB667 /* ViewController.swift */,
				13AD9BE82BEA33C300FEB667 /* Assets.xcassets */,
				13AD9BEA2BEA33C300FEB667 /* LaunchScreen.storyboard */,
				13AD9BED2BEA33C300FEB667 /* Info.plist */,
			);
			path = PokedexMvvm;
			sourceTree = "<group>";
		};
		13AD9BF52BEA33C300FEB667 /* PokedexMvvmTests */ = {
			isa = PBXGroup;
			children = (
				13AD9BF62BEA33C300FEB667 /* PokedexMvvmTests.swift */,
			);
			path = PokedexMvvmTests;
			sourceTree = "<group>";
		};
		13AD9BFF2BEA33C300FEB667 /* PokedexMvvmUITests */ = {
			isa = PBXGroup;
			children = (
				13AD9C002BEA33C300FEB667 /* PokedexMvvmUITests.swift */,
				13AD9C022BEA33C300FEB667 /* PokedexMvvmUITestsLaunchTests.swift */,
			);
			path = PokedexMvvmUITests;
			sourceTree = "<group>";
		};
/* End PBXGroup section */

/* Begin PBXNativeTarget section */
		13AD9BDB2BEA33BD00FEB667 /* PokedexMvvm */ = {
			isa = PBXNativeTarget;
			buildConfigurationList = 13AD9C062BEA33C300FEB667 /* Build configuration list for PBXNativeTarget "PokedexMvvm" */;
			buildPhases = (
				13AD9BD82BEA33BD00FEB667 /* Sources */,
				13AD9BD92BEA33BD00FEB667 /* Frameworks */,
				13AD9BDA2BEA33BD00FEB667 /* Resources */,
			);
			buildRules = (
			);
			dependencies = (
			);
			name = PokedexMvvm;
			productName = PokedexMvvm;
			productReference = 13AD9BDC2BEA33BD00FEB667 /* PokedexMvvm.app */;
			productType = "com.apple.product-type.application";
		};
		13AD9BF12BEA33C300FEB667 /* PokedexMvvmTests */ = {
			isa = PBXNativeTarget;
			buildConfigurationList = 13AD9C092BEA33C300FEB667 /* Build configuration list for PBXNativeTarget "PokedexMvvmTests" */;
			buildPhases = (
				13AD9BEE2BEA33C300FEB667 /* Sources */,
				13AD9BEF2BEA33C300FEB667 /* Frameworks */,
				13AD9BF02BEA33C300FEB667 /* Resources */,
			);
			buildRules = (
			);
			dependencies = (
				13AD9BF42BEA33C300FEB667 /* PBXTargetDependency */,
			);
			name = PokedexMvvmTests;
			productName = PokedexMvvmTests;
			productReference = 13AD9BF22BEA33C300FEB667 /* PokedexMvvmTests.xctest */;
			productType = "com.apple.product-type.bundle.unit-test";
		};
		13AD9BFB2BEA33C300FEB667 /* PokedexMvvmUITests */ = {
			isa = PBXNativeTarget;
			buildConfigurationList = 13AD9C0C2BEA33C300FEB667 /* Build configuration list for PBXNativeTarget "PokedexMvvmUITests" */;
			buildPhases = (
				13AD9BF82BEA33C300FEB667 /* Sources */,
				13AD9BF92BEA33C300FEB667 /* Frameworks */,
				13AD9BFA2BEA33C300FEB667 /* Resources */,
			);
			buildRules = (
			);
			dependencies = (
				13AD9BFE2BEA33C300FEB667 /* PBXTargetDependency */,
			);
			name = PokedexMvvmUITests;
			productName = PokedexMvvmUITests;
			productReference = 13AD9BFC2BEA33C300FEB667 /* PokedexMvvmUITests.xctest */;
			productType = "com.apple.product-type.bundle.ui-testing";
		};
/* End PBXNativeTarget section */

/* Begin PBXProject section */
		13AD9BD42BEA33BD00FEB667 /* Project object */ = {
			isa = PBXProject;
			attributes = {
				BuildIndependentTargetsInParallel = 1;
				LastSwiftUpdateCheck = 1340;
				LastUpgradeCheck = 1340;
				TargetAttributes = {
					13AD9BDB2BEA33BD00FEB667 = {
						CreatedOnToolsVersion = 13.4.1;
					};
					13AD9BF12BEA33C300FEB667 = {
						CreatedOnToolsVersion = 13.4.1;
						TestTargetID = 13AD9BDB2BEA33BD00FEB667;
					};
					13AD9BFB2BEA33C300FEB667 = {
						CreatedOnToolsVersion = 13.4.1;
						TestTargetID = 13AD9BDB2BEA33BD00FEB667;
					};
				};
			};
			buildConfigurationList = 13AD9BD72BEA33BD00FEB667 /* Build configuration list for PBXProject "PokedexMvvm" */;
			compatibilityVersion = "Xcode 13.0";
			developmentRegion = en;
			hasScannedForEncodings = 0;
			knownRegions = (
				en,
				Base,
			);
			mainGroup = 13AD9BD32BEA33BD00FEB667;
			productRefGroup = 13AD9BDD2BEA33BD00FEB667 /* Products */;
			projectDirPath = "";
			projectRoot = "";
			targets = (
				13AD9BDB2BEA33BD00FEB667 /* PokedexMvvm */,
				13AD9BF12BEA33C300FEB667 /* PokedexMvvmTests */,
				13AD9BFB2BEA33C300FEB667 /* PokedexMvvmUITests */,
			);
		};
/* End PBXProject section */

/* Begin PBXResourcesBuildPhase section */
		13AD9BDA2BEA33BD00FEB667 /* Resources */ = {
			isa = PBXResourcesBuildPhase;
			buildActionMask = 2147483647;
			files = (
				13AD9BEC2BEA33C300FEB667 /* LaunchScreen.storyboard in Resources */,
				13AD9BE92BEA33C300FEB667 /* Assets.xcassets in Resources */,
			);
			runOnlyForDeploymentPostprocessing = 0;
		};
		13AD9BF02BEA33C300FEB667 /* Resources */ = {
			isa = PBXResourcesBuildPhase;
			buildActionMask = 2147483647;
			files = (
			);
			runOnlyForDeploymentPostprocessing = 0;
		};
		13AD9BFA2BEA33C300FEB667 /* Resources */ = {
			isa = PBXResourcesBuildPhase;
			buildActionMask = 2147483647;
			files = (
			);
			runOnlyForDeploymentPostprocessing = 0;
		};
/* End PBXResourcesBuildPhase section */

/* Begin PBXSourcesBuildPhase section */
		13AD9BD82BEA33BD00FEB667 /* Sources */ = {
			isa = PBXSourcesBuildPhase;
			buildActionMask = 2147483647;
			files = (
				13AD9BE42BEA33BD00FEB667 /* ViewController.swift in Sources */,
				13AD9BE02BEA33BD00FEB667 /* AppDelegate.swift in Sources */,
				13AD9BE22BEA33BD00FEB667 /* SceneDelegate.swift in Sources */,
			);
			runOnlyForDeploymentPostprocessing = 0;
		};
		13AD9BEE2BEA33C300FEB667 /* Sources */ = {
			isa = PBXSourcesBuildPhase;
			buildActionMask = 2147483647;
			files = (
				13AD9BF72BEA33C300FEB667 /* PokedexMvvmTests.swift in Sources */,
			);
			runOnlyForDeploymentPostprocessing = 0;
		};
		13AD9BF82BEA33C300FEB667 /* Sources */ = {
			isa = PBXSourcesBuildPhase;
			buildActionMask = 2147483647;
			files = (
				13AD9C012BEA33C300FEB667 /* PokedexMvvmUITests.swift in Sources */,
				13AD9C032BEA33C300FEB667 /* PokedexMvvmUITestsLaunchTests.swift in Sources */,
			);
			runOnlyForDeploymentPostprocessing = 0;
		};
/* End PBXSourcesBuildPhase section */

/* Begin PBXTargetDependency section */
		13AD9BF42BEA33C300FEB667 /* PBXTargetDependency */ = {
			isa = PBXTargetDependency;
			target = 13AD9BDB2BEA33BD00FEB667 /* PokedexMvvm */;
			targetProxy = 13AD9BF32BEA33C300FEB667 /* PBXContainerItemProxy */;
		};
		13AD9BFE2BEA33C300FEB667 /* PBXTargetDependency */ = {
			isa = PBXTargetDependency;
			target = 13AD9BDB2BEA33BD00FEB667 /* PokedexMvvm */;
			targetProxy = 13AD9BFD2BEA33C300FEB667 /* PBXContainerItemProxy */;
		};
/* End PBXTargetDependency section */

/* Begin PBXVariantGroup section */
		13AD9BEA2BEA33C300FEB667 /* LaunchScreen.storyboard */ = {
			isa = PBXVariantGroup;
			children = (
				13AD9BEB2BEA33C300FEB667 /* Base */,
			);
			name = LaunchScreen.storyboard;
			sourceTree = "<group>";
		};
/* End PBXVariantGroup section */

/* Begin XCBuildConfiguration section */
		13AD9C042BEA33C300FEB667 /* Debug */ = {
			isa = XCBuildConfiguration;
			buildSettings = {
				ALWAYS_SEARCH_USER_PATHS = NO;
				CLANG_ANALYZER_NONNULL = YES;
				CLANG_ANALYZER_NUMBER_OBJECT_CONVERSION = YES_AGGRESSIVE;
				CLANG_CXX_LANGUAGE_STANDARD = "gnu++17";
				CLANG_ENABLE_MODULES = YES;
				CLANG_ENABLE_OBJC_ARC = YES;
				CLANG_ENABLE_OBJC_WEAK = YES;
				CLANG_WARN_BLOCK_CAPTURE_AUTORELEASING = YES;
				CLANG_WARN_BOOL_CONVERSION = YES;
				CLANG_WARN_COMMA = YES;
				CLANG_WARN_CONSTANT_CONVERSION = YES;
				CLANG_WARN_DEPRECATED_OBJC_IMPLEMENTATIONS = YES;
				CLANG_WARN_DIRECT_OBJC_ISA_USAGE = YES_ERROR;
				CLANG_WARN_DOCUMENTATION_COMMENTS = YES;
				CLANG_WARN_EMPTY_BODY = YES;
				CLANG_WARN_ENUM_CONVERSION = YES;
				CLANG_WARN_INFINITE_RECURSION = YES;
				CLANG_WARN_INT_CONVERSION = YES;
				CLANG_WARN_NON_LITERAL_NULL_CONVERSION = YES;
				CLANG_WARN_OBJC_IMPLICIT_RETAIN_SELF = YES;
				CLANG_WARN_OBJC_LITERAL_CONVERSION = YES;
				CLANG_WARN_OBJC_ROOT_CLASS = YES_ERROR;
				CLANG_WARN_QUOTED_INCLUDE_IN_FRAMEWORK_HEADER = YES;
				CLANG_WARN_RANGE_LOOP_ANALYSIS = YES;
				CLANG_WARN_STRICT_PROTOTYPES = YES;
				CLANG_WARN_SUSPICIOUS_MOVE = YES;
				CLANG_WARN_UNGUARDED_AVAILABILITY = YES_AGGRESSIVE;
				CLANG_WARN_UNREACHABLE_CODE = YES;
				CLANG_WARN__DUPLICATE_METHOD_MATCH = YES;
				COPY_PHASE_STRIP = NO;
				DEBUG_INFORMATION_FORMAT = dwarf;
				ENABLE_STRICT_OBJC_MSGSEND = YES;
				ENABLE_TESTABILITY = YES;
				GCC_C_LANGUAGE_STANDARD = gnu11;
				GCC_DYNAMIC_NO_PIC = NO;
				GCC_NO_COMMON_BLOCKS = YES;
				GCC_OPTIMIZATION_LEVEL = 0;
				GCC_PREPROCESSOR_DEFINITIONS = (
					"DEBUG=1",
					"$(inherited)",
				);
				GCC_WARN_64_TO_32_BIT_CONVERSION = YES;
				GCC_WARN_ABOUT_RETURN_TYPE = YES_ERROR;
				GCC_WARN_UNDECLARED_SELECTOR = YES;
				GCC_WARN_UNINITIALIZED_AUTOS = YES_AGGRESSIVE;
				GCC_WARN_UNUSED_FUNCTION = YES;
				GCC_WARN_UNUSED_VARIABLE = YES;
				IPHONEOS_DEPLOYMENT_TARGET = 15.5;
				MTL_ENABLE_DEBUG_INFO = INCLUDE_SOURCE;
				MTL_FAST_MATH = YES;
				ONLY_ACTIVE_ARCH = YES;
				SDKROOT = iphoneos;
				SWIFT_ACTIVE_COMPILATION_CONDITIONS = DEBUG;
				SWIFT_OPTIMIZATION_LEVEL = "-Onone";
			};
			name = Debug;
		};
		13AD9C052BEA33C300FEB667 /* Release */ = {
			isa = XCBuildConfiguration;
			buildSettings = {
				ALWAYS_SEARCH_USER_PATHS = NO;
				CLANG_ANALYZER_NONNULL = YES;
				CLANG_ANALYZER_NUMBER_OBJECT_CONVERSION = YES_AGGRESSIVE;
				CLANG_CXX_LANGUAGE_STANDARD = "gnu++17";
				CLANG_ENABLE_MODULES = YES;
				CLANG_ENABLE_OBJC_ARC = YES;
				CLANG_ENABLE_OBJC_WEAK = YES;
				CLANG_WARN_BLOCK_CAPTURE_AUTORELEASING = YES;
				CLANG_WARN_BOOL_CONVERSION = YES;
				CLANG_WARN_COMMA = YES;
				CLANG_WARN_CONSTANT_CONVERSION = YES;
				CLANG_WARN_DEPRECATED_OBJC_IMPLEMENTATIONS = YES;
				CLANG_WARN_DIRECT_OBJC_ISA_USAGE = YES_ERROR;
				CLANG_WARN_DOCUMENTATION_COMMENTS = YES;
				CLANG_WARN_EMPTY_BODY = YES;
				CLANG_WARN_ENUM_CONVERSION = YES;
				CLANG_WARN_INFINITE_RECURSION = YES;
				CLANG_WARN_INT_CONVERSION = YES;
				CLANG_WARN_NON_LITERAL_NULL_CONVERSION = YES;
				CLANG_WARN_OBJC_IMPLICIT_RETAIN_SELF = YES;
				CLANG_WARN_OBJC_LITERAL_CONVERSION = YES;
				CLANG_WARN_OBJC_ROOT_CLASS = YES_ERROR;
				CLANG_WARN_QUOTED_INCLUDE_IN_FRAMEWORK_HEADER = YES;
				CLANG_WARN_RANGE_LOOP_ANALYSIS = YES;
				CLANG_WARN_STRICT_PROTOTYPES = YES;
				CLANG_WARN_SUSPICIOUS_MOVE = YES;
				CLANG_WARN_UNGUARDED_AVAILABILITY = YES_AGGRESSIVE;
				CLANG_WARN_UNREACHABLE_CODE = YES;
				CLANG_WARN__DUPLICATE_METHOD_MATCH = YES;
				COPY_PHASE_STRIP = NO;
				DEBUG_INFORMATION_FORMAT = "dwarf-with-dsym";
				ENABLE_NS_ASSERTIONS = NO;
				ENABLE_STRICT_OBJC_MSGSEND = YES;
				GCC_C_LANGUAGE_STANDARD = gnu11;
				GCC_NO_COMMON_BLOCKS = YES;
				GCC_WARN_64_TO_32_BIT_CONVERSION = YES;
				GCC_WARN_ABOUT_RETURN_TYPE = YES_ERROR;
				GCC_WARN_UNDECLARED_SELECTOR = YES;
				GCC_WARN_UNINITIALIZED_AUTOS = YES_AGGRESSIVE;
				GCC_WARN_UNUSED_FUNCTION = YES;
				GCC_WARN_UNUSED_VARIABLE = YES;
				IPHONEOS_DEPLOYMENT_TARGET = 15.5;
				MTL_ENABLE_DEBUG_INFO = NO;
				MTL_FAST_MATH = YES;
				SDKROOT = iphoneos;
				SWIFT_COMPILATION_MODE = wholemodule;
				SWIFT_OPTIMIZATION_LEVEL = "-O";
				VALIDATE_PRODUCT = YES;
			};
			name = Release;
		};
		13AD9C072BEA33C300FEB667 /* Debug */ = {
			isa = XCBuildConfiguration;
			buildSettings = {
				ASSETCATALOG_COMPILER_APPICON_NAME = AppIcon;
				ASSETCATALOG_COMPILER_GLOBAL_ACCENT_COLOR_NAME = AccentColor;
				CODE_SIGN_STYLE = Automatic;
				CURRENT_PROJECT_VERSION = 1;
				DEVELOPMENT_TEAM = 4N8M4W4U2Q;
				GENERATE_INFOPLIST_FILE = YES;
				INFOPLIST_FILE = PokedexMvvm/Info.plist;
				INFOPLIST_KEY_UIApplicationSupportsIndirectInputEvents = YES;
				INFOPLIST_KEY_UILaunchStoryboardName = LaunchScreen;
				INFOPLIST_KEY_UISupportedInterfaceOrientations_iPad = "UIInterfaceOrientationPortrait UIInterfaceOrientationPortraitUpsideDown UIInterfaceOrientationLandscapeLeft UIInterfaceOrientationLandscapeRight";
				INFOPLIST_KEY_UISupportedInterfaceOrientations_iPhone = "UIInterfaceOrientationPortrait UIInterfaceOrientationLandscapeLeft UIInterfaceOrientationLandscapeRight";
				LD_RUNPATH_SEARCH_PATHS = (
					"$(inherited)",
					"@executable_path/Frameworks",
				);
				MARKETING_VERSION = 1.0;
				PRODUCT_BUNDLE_IDENTIFIER = "com.PedroAzevedo.VIP-Learning.PokedexMvvm";
				PRODUCT_NAME = "$(TARGET_NAME)";
				SWIFT_EMIT_LOC_STRINGS = YES;
				SWIFT_VERSION = 5.0;
				TARGETED_DEVICE_FAMILY = "1,2";
			};
			name = Debug;
		};
		13AD9C082BEA33C300FEB667 /* Release */ = {
			isa = XCBuildConfiguration;
			buildSettings = {
				ASSETCATALOG_COMPILER_APPICON_NAME = AppIcon;
				ASSETCATALOG_COMPILER_GLOBAL_ACCENT_COLOR_NAME = AccentColor;
				CODE_SIGN_STYLE = Automatic;
				CURRENT_PROJECT_VERSION = 1;
				DEVELOPMENT_TEAM = 4N8M4W4U2Q;
				GENERATE_INFOPLIST_FILE = YES;
				INFOPLIST_FILE = PokedexMvvm/Info.plist;
				INFOPLIST_KEY_UIApplicationSupportsIndirectInputEvents = YES;
				INFOPLIST_KEY_UILaunchStoryboardName = LaunchScreen;
				INFOPLIST_KEY_UISupportedInterfaceOrientations_iPad = "UIInterfaceOrientationPortrait UIInterfaceOrientationPortraitUpsideDown UIInterfaceOrientationLandscapeLeft UIInterfaceOrientationLandscapeRight";
				INFOPLIST_KEY_UISupportedInterfaceOrientations_iPhone = "UIInterfaceOrientationPortrait UIInterfaceOrientationLandscapeLeft UIInterfaceOrientationLandscapeRight";
				LD_RUNPATH_SEARCH_PATHS = (
					"$(inherited)",
					"@executable_path/Frameworks",
				);
				MARKETING_VERSION = 1.0;
				PRODUCT_BUNDLE_IDENTIFIER = "com.PedroAzevedo.VIP-Learning.PokedexMvvm";
				PRODUCT_NAME = "$(TARGET_NAME)";
				SWIFT_EMIT_LOC_STRINGS = YES;
				SWIFT_VERSION = 5.0;
				TARGETED_DEVICE_FAMILY = "1,2";
			};
			name = Release;
		};
		13AD9C0A2BEA33C300FEB667 /* Debug */ = {
			isa = XCBuildConfiguration;
			buildSettings = {
				ALWAYS_EMBED_SWIFT_STANDARD_LIBRARIES = YES;
				BUNDLE_LOADER = "$(TEST_HOST)";
				CODE_SIGN_STYLE = Automatic;
				CURRENT_PROJECT_VERSION = 1;
				DEVELOPMENT_TEAM = 4N8M4W4U2Q;
				GENERATE_INFOPLIST_FILE = YES;
				IPHONEOS_DEPLOYMENT_TARGET = 15.5;
				MARKETING_VERSION = 1.0;
				PRODUCT_BUNDLE_IDENTIFIER = "com.PedroAzevedo.VIP-Learning.PokedexMvvmTests";
				PRODUCT_NAME = "$(TARGET_NAME)";
				SWIFT_EMIT_LOC_STRINGS = NO;
				SWIFT_VERSION = 5.0;
				TARGETED_DEVICE_FAMILY = "1,2";
				TEST_HOST = "$(BUILT_PRODUCTS_DIR)/PokedexMvvm.app/PokedexMvvm";
			};
			name = Debug;
		};
		13AD9C0B2BEA33C300FEB667 /* Release */ = {
			isa = XCBuildConfiguration;
			buildSettings = {
				ALWAYS_EMBED_SWIFT_STANDARD_LIBRARIES = YES;
				BUNDLE_LOADER = "$(TEST_HOST)";
				CODE_SIGN_STYLE = Automatic;
				CURRENT_PROJECT_VERSION = 1;
				DEVELOPMENT_TEAM = 4N8M4W4U2Q;
				GENERATE_INFOPLIST_FILE = YES;
				IPHONEOS_DEPLOYMENT_TARGET = 15.5;
				MARKETING_VERSION = 1.0;
				PRODUCT_BUNDLE_IDENTIFIER = "com.PedroAzevedo.VIP-Learning.PokedexMvvmTests";
				PRODUCT_NAME = "$(TARGET_NAME)";
				SWIFT_EMIT_LOC_STRINGS = NO;
				SWIFT_VERSION = 5.0;
				TARGETED_DEVICE_FAMILY = "1,2";
				TEST_HOST = "$(BUILT_PRODUCTS_DIR)/PokedexMvvm.app/PokedexMvvm";
			};
			name = Release;
		};
		13AD9C0D2BEA33C300FEB667 /* Debug */ = {
			isa = XCBuildConfiguration;
			buildSettings = {
				ALWAYS_EMBED_SWIFT_STANDARD_LIBRARIES = YES;
				CODE_SIGN_STYLE = Automatic;
				CURRENT_PROJECT_VERSION = 1;
				DEVELOPMENT_TEAM = 4N8M4W4U2Q;
				GENERATE_INFOPLIST_FILE = YES;
				MARKETING_VERSION = 1.0;
				PRODUCT_BUNDLE_IDENTIFIER = "com.PedroAzevedo.VIP-Learning.PokedexMvvmUITests";
				PRODUCT_NAME = "$(TARGET_NAME)";
				SWIFT_EMIT_LOC_STRINGS = NO;
				SWIFT_VERSION = 5.0;
				TARGETED_DEVICE_FAMILY = "1,2";
				TEST_TARGET_NAME = PokedexMvvm;
			};
			name = Debug;
		};
		13AD9C0E2BEA33C300FEB667 /* Release */ = {
			isa = XCBuildConfiguration;
			buildSettings = {
				ALWAYS_EMBED_SWIFT_STANDARD_LIBRARIES = YES;
				CODE_SIGN_STYLE = Automatic;
				CURRENT_PROJECT_VERSION = 1;
				DEVELOPMENT_TEAM = 4N8M4W4U2Q;
				GENERATE_INFOPLIST_FILE = YES;
				MARKETING_VERSION = 1.0;
				PRODUCT_BUNDLE_IDENTIFIER = "com.PedroAzevedo.VIP-Learning.PokedexMvvmUITests";
				PRODUCT_NAME = "$(TARGET_NAME)";
				SWIFT_EMIT_LOC_STRINGS = NO;
				SWIFT_VERSION = 5.0;
				TARGETED_DEVICE_FAMILY = "1,2";
				TEST_TARGET_NAME = PokedexMvvm;
			};
			name = Release;
		};
/* End XCBuildConfiguration section */

/* Begin XCConfigurationList section */
		13AD9BD72BEA33BD00FEB667 /* Build configuration list for PBXProject "PokedexMvvm" */ = {
			isa = XCConfigurationList;
			buildConfigurations = (
				13AD9C042BEA33C300FEB667 /* Debug */,
				13AD9C052BEA33C300FEB667 /* Release */,
			);
			defaultConfigurationIsVisible = 0;
			defaultConfigurationName = Release;
		};
		13AD9C062BEA33C300FEB667 /* Build configuration list for PBXNativeTarget "PokedexMvvm" */ = {
			isa = XCConfigurationList;
			buildConfigurations = (
				13AD9C072BEA33C300FEB667 /* Debug */,
				13AD9C082BEA33C300FEB667 /* Release */,
			);
			defaultConfigurationIsVisible = 0;
			defaultConfigurationName = Release;
		};
		13AD9C092BEA33C300FEB667 /* Build configuration list for PBXNativeTarget "PokedexMvvmTests" */ = {
			isa = XCConfigurationList;
			buildConfigurations = (
				13AD9C0A2BEA33C300FEB667 /* Debug */,
				13AD9C0B2BEA33C300FEB667 /* Release */,
			);
			defaultConfigurationIsVisible = 0;
			defaultConfigurationName = Release;
		};
		13AD9C0C2BEA33C300FEB667 /* Build configuration list for PBXNativeTarget "PokedexMvvmUITests" */ = {
			isa = XCConfigurationList;
			buildConfigurations = (
				13AD9C0D2BEA33C300FEB667 /* Debug */,
				13AD9C0E2BEA33C300FEB667 /* Release */,
			);
			defaultConfigurationIsVisible = 0;
			defaultConfigurationName = Release;
		};
/* End XCConfigurationList section */
	};
	rootObject = 13AD9BD42BEA33BD00FEB667 /* Project object */;
}
