// !$*UTF8*$!
{
	archiveVersion = 1;
	classes = {
	};
	objectVersion = 55;
	objects = {

/* Begin PBXBuildFile section */
		1388C0782BEAC57A0077B4DB /* LoadingTableViewCell.swift in Sources */ = {isa = PBXBuildFile; fileRef = 1388C0772BEAC57A0077B4DB /* LoadingTableViewCell.swift */; };
		1388C07A2BEAC59F0077B4DB /* PokemonListTableViewCelll.swift in Sources */ = {isa = PBXBuildFile; fileRef = 1388C0792BEAC59F0077B4DB /* PokemonListTableViewCelll.swift */; };
		1388C07D2BEB93CB0077B4DB /* Color+Extension.swift in Sources */ = {isa = PBXBuildFile; fileRef = 1388C07C2BEB93CB0077B4DB /* Color+Extension.swift */; };
		1388C0812BEBAFD00077B4DB /* PokemonDetailCoordinator.swift in Sources */ = {isa = PBXBuildFile; fileRef = 1388C0802BEBAFD00077B4DB /* PokemonDetailCoordinator.swift */; };
		1388C0832BEBB0350077B4DB /* PokemonDetailViewController.swift in Sources */ = {isa = PBXBuildFile; fileRef = 1388C0822BEBB0350077B4DB /* PokemonDetailViewController.swift */; };
		1388C0852BEBB0B40077B4DB /* PokemonDetailView.swift in Sources */ = {isa = PBXBuildFile; fileRef = 1388C0842BEBB0B40077B4DB /* PokemonDetailView.swift */; };
		1388C0892BEBE0A00077B4DB /* PokemonDetailViewModel.swift in Sources */ = {isa = PBXBuildFile; fileRef = 1388C0882BEBE0A00077B4DB /* PokemonDetailViewModel.swift */; };
		1388C0922BECFB980077B4DB /* PokemonDetailItemView.swift in Sources */ = {isa = PBXBuildFile; fileRef = 1388C0912BECFB980077B4DB /* PokemonDetailItemView.swift */; };
		1388C0942BECFD9D0077B4DB /* PokemonDetailPageView.swift in Sources */ = {isa = PBXBuildFile; fileRef = 1388C0932BECFD9D0077B4DB /* PokemonDetailPageView.swift */; };
		1388C0962BED47E40077B4DB /* PokemonDetailContainerView.swift in Sources */ = {isa = PBXBuildFile; fileRef = 1388C0952BED47E40077B4DB /* PokemonDetailContainerView.swift */; };
		1388C0982BED54460077B4DB /* PokemonDetailSpecModel.swift in Sources */ = {isa = PBXBuildFile; fileRef = 1388C0972BED54460077B4DB /* PokemonDetailSpecModel.swift */; };
		1388C09C2BED57670077B4DB /* PokemonDetailSpecFactory.swift in Sources */ = {isa = PBXBuildFile; fileRef = 1388C09B2BED57670077B4DB /* PokemonDetailSpecFactory.swift */; };
		1388C09E2BED7DAB0077B4DB /* Collection+Extension.swift in Sources */ = {isa = PBXBuildFile; fileRef = 1388C09D2BED7DAB0077B4DB /* Collection+Extension.swift */; };
		1388C0A02BED962D0077B4DB /* String+Extension.swift in Sources */ = {isa = PBXBuildFile; fileRef = 1388C09F2BED962D0077B4DB /* String+Extension.swift */; };
		13AD9BE02BEA33BD00FEB667 /* AppDelegate.swift in Sources */ = {isa = PBXBuildFile; fileRef = 13AD9BDF2BEA33BD00FEB667 /* AppDelegate.swift */; };
		13AD9BE22BEA33BD00FEB667 /* SceneDelegate.swift in Sources */ = {isa = PBXBuildFile; fileRef = 13AD9BE12BEA33BD00FEB667 /* SceneDelegate.swift */; };
		13AD9BE92BEA33C300FEB667 /* Assets.xcassets in Resources */ = {isa = PBXBuildFile; fileRef = 13AD9BE82BEA33C300FEB667 /* Assets.xcassets */; };
		13AD9BEC2BEA33C300FEB667 /* LaunchScreen.storyboard in Resources */ = {isa = PBXBuildFile; fileRef = 13AD9BEA2BEA33C300FEB667 /* LaunchScreen.storyboard */; };
		13AD9BF72BEA33C300FEB667 /* PokedexMvvmTests.swift in Sources */ = {isa = PBXBuildFile; fileRef = 13AD9BF62BEA33C300FEB667 /* PokedexMvvmTests.swift */; };
		13AD9C012BEA33C300FEB667 /* PokedexMvvmUITests.swift in Sources */ = {isa = PBXBuildFile; fileRef = 13AD9C002BEA33C300FEB667 /* PokedexMvvmUITests.swift */; };
		13AD9C032BEA33C300FEB667 /* PokedexMvvmUITestsLaunchTests.swift in Sources */ = {isa = PBXBuildFile; fileRef = 13AD9C022BEA33C300FEB667 /* PokedexMvvmUITestsLaunchTests.swift */; };
		13E4D43F2BEA3CAA003B7041 /* PokemonListRouter.swift in Sources */ = {isa = PBXBuildFile; fileRef = 13E4D43E2BEA3CAA003B7041 /* PokemonListRouter.swift */; };
		13E4D4422BEA3CF9003B7041 /* RouterProtocol.swift in Sources */ = {isa = PBXBuildFile; fileRef = 13E4D4412BEA3CF9003B7041 /* RouterProtocol.swift */; };
		13E4D4442BEA3DAA003B7041 /* PokemonListCoordinator.swift in Sources */ = {isa = PBXBuildFile; fileRef = 13E4D4432BEA3DAA003B7041 /* PokemonListCoordinator.swift */; };
		13E4D4462BEA3E2C003B7041 /* PokemonListViewController.swift in Sources */ = {isa = PBXBuildFile; fileRef = 13E4D4452BEA3E2C003B7041 /* PokemonListViewController.swift */; };
		13E4D4482BEA3E49003B7041 /* PokemonListView.swift in Sources */ = {isa = PBXBuildFile; fileRef = 13E4D4472BEA3E49003B7041 /* PokemonListView.swift */; };
		13E4D44A2BEA4081003B7041 /* ViewCodeProtocol.swift in Sources */ = {isa = PBXBuildFile; fileRef = 13E4D4492BEA4081003B7041 /* ViewCodeProtocol.swift */; };
		13E4D44E2BEA456E003B7041 /* APIConfiguration.swift in Sources */ = {isa = PBXBuildFile; fileRef = 13E4D44D2BEA456E003B7041 /* APIConfiguration.swift */; };
		13E4D4502BEA45A6003B7041 /* NetworkInfo.swift in Sources */ = {isa = PBXBuildFile; fileRef = 13E4D44F2BEA45A6003B7041 /* NetworkInfo.swift */; };
		13E4D4522BEA4619003B7041 /* PokemonListService.swift in Sources */ = {isa = PBXBuildFile; fileRef = 13E4D4512BEA4619003B7041 /* PokemonListService.swift */; };
		13E4D4542BEA467D003B7041 /* Endpoints.swift in Sources */ = {isa = PBXBuildFile; fileRef = 13E4D4532BEA467D003B7041 /* Endpoints.swift */; };
		13E4D45A2BEA587D003B7041 /* PokemonAPIModel.swift in Sources */ = {isa = PBXBuildFile; fileRef = 13E4D4592BEA587D003B7041 /* PokemonAPIModel.swift */; };
		13E4D45C2BEA7D79003B7041 /* PokemonDetail.swift in Sources */ = {isa = PBXBuildFile; fileRef = 13E4D45B2BEA7D79003B7041 /* PokemonDetail.swift */; };
		13E4D45E2BEA918E003B7041 /* PokemonListViewModel.swift in Sources */ = {isa = PBXBuildFile; fileRef = 13E4D45D2BEA918E003B7041 /* PokemonListViewModel.swift */; };
		309172308F119871A2E27E64 /* Pods_PokedexMvvmTests.framework in Frameworks */ = {isa = PBXBuildFile; fileRef = E20394603A76047484E1BF50 /* Pods_PokedexMvvmTests.framework */; };
		4B1D62ACCD29D18557953C21 /* Pods_PokedexMvvm_PokedexMvvmUITests.framework in Frameworks */ = {isa = PBXBuildFile; fileRef = F66137189594FAC3662767FC /* Pods_PokedexMvvm_PokedexMvvmUITests.framework */; };
		8C0DF14636544B8824B18EEE /* Pods_PokedexMvvm.framework in Frameworks */ = {isa = PBXBuildFile; fileRef = D093B99A21E973118B3898DD /* Pods_PokedexMvvm.framework */; };
/* End PBXBuildFile section */

/* Begin PBXContainerItemProxy section */
		13AD9BF32BEA33C300FEB667 /* PBXContainerItemProxy */ = {
			isa = PBXContainerItemProxy;
			containerPortal = 13AD9BD42BEA33BD00FEB667 /* Project object */;
			proxyType = 1;
			remoteGlobalIDString = 13AD9BDB2BEA33BD00FEB667;
			remoteInfo = PokedexMvvm;
		};
		13AD9BFD2BEA33C300FEB667 /* PBXContainerItemProxy */ = {
			isa = PBXContainerItemProxy;
			containerPortal = 13AD9BD42BEA33BD00FEB667 /* Project object */;
			proxyType = 1;
			remoteGlobalIDString = 13AD9BDB2BEA33BD00FEB667;
			remoteInfo = PokedexMvvm;
		};
/* End PBXContainerItemProxy section */

/* Begin PBXFileReference section */
		1388C0772BEAC57A0077B4DB /* LoadingTableViewCell.swift */ = {isa = PBXFileReference; lastKnownFileType = sourcecode.swift; path = LoadingTableViewCell.swift; sourceTree = "<group>"; };
		1388C0792BEAC59F0077B4DB /* PokemonListTableViewCelll.swift */ = {isa = PBXFileReference; lastKnownFileType = sourcecode.swift; path = PokemonListTableViewCelll.swift; sourceTree = "<group>"; };
		1388C07C2BEB93CB0077B4DB /* Color+Extension.swift */ = {isa = PBXFileReference; lastKnownFileType = sourcecode.swift; path = "Color+Extension.swift"; sourceTree = "<group>"; };
		1388C0802BEBAFD00077B4DB /* PokemonDetailCoordinator.swift */ = {isa = PBXFileReference; lastKnownFileType = sourcecode.swift; path = PokemonDetailCoordinator.swift; sourceTree = "<group>"; };
		1388C0822BEBB0350077B4DB /* PokemonDetailViewController.swift */ = {isa = PBXFileReference; lastKnownFileType = sourcecode.swift; path = PokemonDetailViewController.swift; sourceTree = "<group>"; };
		1388C0842BEBB0B40077B4DB /* PokemonDetailView.swift */ = {isa = PBXFileReference; lastKnownFileType = sourcecode.swift; path = PokemonDetailView.swift; sourceTree = "<group>"; };
		1388C0882BEBE0A00077B4DB /* PokemonDetailViewModel.swift */ = {isa = PBXFileReference; lastKnownFileType = sourcecode.swift; path = PokemonDetailViewModel.swift; sourceTree = "<group>"; };
		1388C0912BECFB980077B4DB /* PokemonDetailItemView.swift */ = {isa = PBXFileReference; lastKnownFileType = sourcecode.swift; path = PokemonDetailItemView.swift; sourceTree = "<group>"; };
		1388C0932BECFD9D0077B4DB /* PokemonDetailPageView.swift */ = {isa = PBXFileReference; lastKnownFileType = sourcecode.swift; path = PokemonDetailPageView.swift; sourceTree = "<group>"; };
		1388C0952BED47E40077B4DB /* PokemonDetailContainerView.swift */ = {isa = PBXFileReference; lastKnownFileType = sourcecode.swift; path = PokemonDetailContainerView.swift; sourceTree = "<group>"; };
		1388C0972BED54460077B4DB /* PokemonDetailSpecModel.swift */ = {isa = PBXFileReference; lastKnownFileType = sourcecode.swift; path = PokemonDetailSpecModel.swift; sourceTree = "<group>"; };
		1388C09B2BED57670077B4DB /* PokemonDetailSpecFactory.swift */ = {isa = PBXFileReference; lastKnownFileType = sourcecode.swift; path = PokemonDetailSpecFactory.swift; sourceTree = "<group>"; };
		1388C09D2BED7DAB0077B4DB /* Collection+Extension.swift */ = {isa = PBXFileReference; lastKnownFileType = sourcecode.swift; path = "Collection+Extension.swift"; sourceTree = "<group>"; };
		1388C09F2BED962D0077B4DB /* String+Extension.swift */ = {isa = PBXFileReference; lastKnownFileType = sourcecode.swift; path = "String+Extension.swift"; sourceTree = "<group>"; };
		13AD9BDC2BEA33BD00FEB667 /* PokedexMvvm.app */ = {isa = PBXFileReference; explicitFileType = wrapper.application; includeInIndex = 0; path = PokedexMvvm.app; sourceTree = BUILT_PRODUCTS_DIR; };
		13AD9BDF2BEA33BD00FEB667 /* AppDelegate.swift */ = {isa = PBXFileReference; lastKnownFileType = sourcecode.swift; path = AppDelegate.swift; sourceTree = "<group>"; };
		13AD9BE12BEA33BD00FEB667 /* SceneDelegate.swift */ = {isa = PBXFileReference; lastKnownFileType = sourcecode.swift; path = SceneDelegate.swift; sourceTree = "<group>"; };
		13AD9BE82BEA33C300FEB667 /* Assets.xcassets */ = {isa = PBXFileReference; lastKnownFileType = folder.assetcatalog; path = Assets.xcassets; sourceTree = "<group>"; };
		13AD9BEB2BEA33C300FEB667 /* Base */ = {isa = PBXFileReference; lastKnownFileType = file.storyboard; name = Base; path = Base.lproj/LaunchScreen.storyboard; sourceTree = "<group>"; };
		13AD9BED2BEA33C300FEB667 /* Info.plist */ = {isa = PBXFileReference; lastKnownFileType = text.plist.xml; path = Info.plist; sourceTree = "<group>"; };
		13AD9BF22BEA33C300FEB667 /* PokedexMvvmTests.xctest */ = {isa = PBXFileReference; explicitFileType = wrapper.cfbundle; includeInIndex = 0; path = PokedexMvvmTests.xctest; sourceTree = BUILT_PRODUCTS_DIR; };
		13AD9BF62BEA33C300FEB667 /* PokedexMvvmTests.swift */ = {isa = PBXFileReference; lastKnownFileType = sourcecode.swift; path = PokedexMvvmTests.swift; sourceTree = "<group>"; };
		13AD9BFC2BEA33C300FEB667 /* PokedexMvvmUITests.xctest */ = {isa = PBXFileReference; explicitFileType = wrapper.cfbundle; includeInIndex = 0; path = PokedexMvvmUITests.xctest; sourceTree = BUILT_PRODUCTS_DIR; };
		13AD9C002BEA33C300FEB667 /* PokedexMvvmUITests.swift */ = {isa = PBXFileReference; lastKnownFileType = sourcecode.swift; path = PokedexMvvmUITests.swift; sourceTree = "<group>"; };
		13AD9C022BEA33C300FEB667 /* PokedexMvvmUITestsLaunchTests.swift */ = {isa = PBXFileReference; lastKnownFileType = sourcecode.swift; path = PokedexMvvmUITestsLaunchTests.swift; sourceTree = "<group>"; };
		13E4D43E2BEA3CAA003B7041 /* PokemonListRouter.swift */ = {isa = PBXFileReference; lastKnownFileType = sourcecode.swift; path = PokemonListRouter.swift; sourceTree = "<group>"; };
		13E4D4412BEA3CF9003B7041 /* RouterProtocol.swift */ = {isa = PBXFileReference; lastKnownFileType = sourcecode.swift; path = RouterProtocol.swift; sourceTree = "<group>"; };
		13E4D4432BEA3DAA003B7041 /* PokemonListCoordinator.swift */ = {isa = PBXFileReference; lastKnownFileType = sourcecode.swift; path = PokemonListCoordinator.swift; sourceTree = "<group>"; };
		13E4D4452BEA3E2C003B7041 /* PokemonListViewController.swift */ = {isa = PBXFileReference; lastKnownFileType = sourcecode.swift; path = PokemonListViewController.swift; sourceTree = "<group>"; };
		13E4D4472BEA3E49003B7041 /* PokemonListView.swift */ = {isa = PBXFileReference; lastKnownFileType = sourcecode.swift; path = PokemonListView.swift; sourceTree = "<group>"; };
		13E4D4492BEA4081003B7041 /* ViewCodeProtocol.swift */ = {isa = PBXFileReference; lastKnownFileType = sourcecode.swift; path = ViewCodeProtocol.swift; sourceTree = "<group>"; };
		13E4D44D2BEA456E003B7041 /* APIConfiguration.swift */ = {isa = PBXFileReference; lastKnownFileType = sourcecode.swift; path = APIConfiguration.swift; sourceTree = "<group>"; };
		13E4D44F2BEA45A6003B7041 /* NetworkInfo.swift */ = {isa = PBXFileReference; lastKnownFileType = sourcecode.swift; path = NetworkInfo.swift; sourceTree = "<group>"; };
		13E4D4512BEA4619003B7041 /* PokemonListService.swift */ = {isa = PBXFileReference; lastKnownFileType = sourcecode.swift; path = PokemonListService.swift; sourceTree = "<group>"; };
		13E4D4532BEA467D003B7041 /* Endpoints.swift */ = {isa = PBXFileReference; lastKnownFileType = sourcecode.swift; path = Endpoints.swift; sourceTree = "<group>"; };
		13E4D4592BEA587D003B7041 /* PokemonAPIModel.swift */ = {isa = PBXFileReference; lastKnownFileType = sourcecode.swift; path = PokemonAPIModel.swift; sourceTree = "<group>"; };
		13E4D45B2BEA7D79003B7041 /* PokemonDetail.swift */ = {isa = PBXFileReference; lastKnownFileType = sourcecode.swift; path = PokemonDetail.swift; sourceTree = "<group>"; };
		13E4D45D2BEA918E003B7041 /* PokemonListViewModel.swift */ = {isa = PBXFileReference; lastKnownFileType = sourcecode.swift; path = PokemonListViewModel.swift; sourceTree = "<group>"; };
		3E61F89684105BA544AC9540 /* Pods-PokedexMvvm-PokedexMvvmUITests.debug.xcconfig */ = {isa = PBXFileReference; includeInIndex = 1; lastKnownFileType = text.xcconfig; name = "Pods-PokedexMvvm-PokedexMvvmUITests.debug.xcconfig"; path = "Target Support Files/Pods-PokedexMvvm-PokedexMvvmUITests/Pods-PokedexMvvm-PokedexMvvmUITests.debug.xcconfig"; sourceTree = "<group>"; };
		8CC4C8F0E34E4EE5EFDA6504 /* Pods-PokedexMvvm.debug.xcconfig */ = {isa = PBXFileReference; includeInIndex = 1; lastKnownFileType = text.xcconfig; name = "Pods-PokedexMvvm.debug.xcconfig"; path = "Target Support Files/Pods-PokedexMvvm/Pods-PokedexMvvm.debug.xcconfig"; sourceTree = "<group>"; };
		B5DA334A87BEA87484B2E1D5 /* Pods-PokedexMvvmTests.debug.xcconfig */ = {isa = PBXFileReference; includeInIndex = 1; lastKnownFileType = text.xcconfig; name = "Pods-PokedexMvvmTests.debug.xcconfig"; path = "Target Support Files/Pods-PokedexMvvmTests/Pods-PokedexMvvmTests.debug.xcconfig"; sourceTree = "<group>"; };
		D093B99A21E973118B3898DD /* Pods_PokedexMvvm.framework */ = {isa = PBXFileReference; explicitFileType = wrapper.framework; includeInIndex = 0; path = Pods_PokedexMvvm.framework; sourceTree = BUILT_PRODUCTS_DIR; };
		DBEB00351EBF216135A51DB9 /* Pods-PokedexMvvmTests.release.xcconfig */ = {isa = PBXFileReference; includeInIndex = 1; lastKnownFileType = text.xcconfig; name = "Pods-PokedexMvvmTests.release.xcconfig"; path = "Target Support Files/Pods-PokedexMvvmTests/Pods-PokedexMvvmTests.release.xcconfig"; sourceTree = "<group>"; };
		E20394603A76047484E1BF50 /* Pods_PokedexMvvmTests.framework */ = {isa = PBXFileReference; explicitFileType = wrapper.framework; includeInIndex = 0; path = Pods_PokedexMvvmTests.framework; sourceTree = BUILT_PRODUCTS_DIR; };
		EDCD31D55891CDEE375FEF8F /* Pods-PokedexMvvm.release.xcconfig */ = {isa = PBXFileReference; includeInIndex = 1; lastKnownFileType = text.xcconfig; name = "Pods-PokedexMvvm.release.xcconfig"; path = "Target Support Files/Pods-PokedexMvvm/Pods-PokedexMvvm.release.xcconfig"; sourceTree = "<group>"; };
		F376B3B6CD33F84AAEC4AB49 /* Pods-PokedexMvvm-PokedexMvvmUITests.release.xcconfig */ = {isa = PBXFileReference; includeInIndex = 1; lastKnownFileType = text.xcconfig; name = "Pods-PokedexMvvm-PokedexMvvmUITests.release.xcconfig"; path = "Target Support Files/Pods-PokedexMvvm-PokedexMvvmUITests/Pods-PokedexMvvm-PokedexMvvmUITests.release.xcconfig"; sourceTree = "<group>"; };
		F66137189594FAC3662767FC /* Pods_PokedexMvvm_PokedexMvvmUITests.framework */ = {isa = PBXFileReference; explicitFileType = wrapper.framework; includeInIndex = 0; path = Pods_PokedexMvvm_PokedexMvvmUITests.framework; sourceTree = BUILT_PRODUCTS_DIR; };
/* End PBXFileReference section */

/* Begin PBXFrameworksBuildPhase section */
		13AD9BD92BEA33BD00FEB667 /* Frameworks */ = {
			isa = PBXFrameworksBuildPhase;
			buildActionMask = 2147483647;
			files = (
				8C0DF14636544B8824B18EEE /* Pods_PokedexMvvm.framework in Frameworks */,
			);
			runOnlyForDeploymentPostprocessing = 0;
		};
		13AD9BEF2BEA33C300FEB667 /* Frameworks */ = {
			isa = PBXFrameworksBuildPhase;
			buildActionMask = 2147483647;
			files = (
				309172308F119871A2E27E64 /* Pods_PokedexMvvmTests.framework in Frameworks */,
			);
			runOnlyForDeploymentPostprocessing = 0;
		};
		13AD9BF92BEA33C300FEB667 /* Frameworks */ = {
			isa = PBXFrameworksBuildPhase;
			buildActionMask = 2147483647;
			files = (
				4B1D62ACCD29D18557953C21 /* Pods_PokedexMvvm_PokedexMvvmUITests.framework in Frameworks */,
			);
			runOnlyForDeploymentPostprocessing = 0;
		};
/* End PBXFrameworksBuildPhase section */

/* Begin PBXGroup section */
		1388C0762BEAC5600077B4DB /* TableViewCells */ = {
			isa = PBXGroup;
			children = (
				1388C0772BEAC57A0077B4DB /* LoadingTableViewCell.swift */,
				1388C0792BEAC59F0077B4DB /* PokemonListTableViewCelll.swift */,
			);
			path = TableViewCells;
			sourceTree = "<group>";
		};
		1388C07B2BEB93A70077B4DB /* Extensions */ = {
			isa = PBXGroup;
			children = (
				1388C07C2BEB93CB0077B4DB /* Color+Extension.swift */,
				1388C09D2BED7DAB0077B4DB /* Collection+Extension.swift */,
				1388C09F2BED962D0077B4DB /* String+Extension.swift */,
			);
			path = Extensions;
			sourceTree = "<group>";
		};
		1388C07E2BEBAA630077B4DB /* PokemonDetail */ = {
			isa = PBXGroup;
			children = (
				1388C0902BECFB6F0077B4DB /* PokemonDetailSubViews */,
				1388C0802BEBAFD00077B4DB /* PokemonDetailCoordinator.swift */,
				1388C0822BEBB0350077B4DB /* PokemonDetailViewController.swift */,
				1388C0842BEBB0B40077B4DB /* PokemonDetailView.swift */,
				1388C0882BEBE0A00077B4DB /* PokemonDetailViewModel.swift */,
			);
			path = PokemonDetail;
			sourceTree = "<group>";
		};
		1388C0902BECFB6F0077B4DB /* PokemonDetailSubViews */ = {
			isa = PBXGroup;
			children = (
				1388C0912BECFB980077B4DB /* PokemonDetailItemView.swift */,
				1388C0932BECFD9D0077B4DB /* PokemonDetailPageView.swift */,
				1388C0952BED47E40077B4DB /* PokemonDetailContainerView.swift */,
			);
			path = PokemonDetailSubViews;
			sourceTree = "<group>";
		};
		1388C0992BED573C0077B4DB /* Models */ = {
			isa = PBXGroup;
			children = (
				1388C09A2BED574B0077B4DB /* Factory */,
				13E4D4592BEA587D003B7041 /* PokemonAPIModel.swift */,
				13E4D45B2BEA7D79003B7041 /* PokemonDetail.swift */,
				1388C0972BED54460077B4DB /* PokemonDetailSpecModel.swift */,
			);
			path = Models;
			sourceTree = "<group>";
		};
		1388C09A2BED574B0077B4DB /* Factory */ = {
			isa = PBXGroup;
			children = (
				1388C09B2BED57670077B4DB /* PokemonDetailSpecFactory.swift */,
			);
			path = Factory;
			sourceTree = "<group>";
		};
		13AD9BD32BEA33BD00FEB667 = {
			isa = PBXGroup;
			children = (
				13AD9BDE2BEA33BD00FEB667 /* PokedexMvvm */,
				13AD9BF52BEA33C300FEB667 /* PokedexMvvmTests */,
				13AD9BFF2BEA33C300FEB667 /* PokedexMvvmUITests */,
				13AD9BDD2BEA33BD00FEB667 /* Products */,
				BF835FB0802D317D37DB4343 /* Pods */,
				A6962B428992E72B029FDA00 /* Frameworks */,
			);
			sourceTree = "<group>";
		};
		13AD9BDD2BEA33BD00FEB667 /* Products */ = {
			isa = PBXGroup;
			children = (
				13AD9BDC2BEA33BD00FEB667 /* PokedexMvvm.app */,
				13AD9BF22BEA33C300FEB667 /* PokedexMvvmTests.xctest */,
				13AD9BFC2BEA33C300FEB667 /* PokedexMvvmUITests.xctest */,
			);
			name = Products;
			sourceTree = "<group>";
		};
		13AD9BDE2BEA33BD00FEB667 /* PokedexMvvm */ = {
			isa = PBXGroup;
			children = (
				1388C0992BED573C0077B4DB /* Models */,
				1388C07B2BEB93A70077B4DB /* Extensions */,
				13E4D44C2BEA44F6003B7041 /* Service */,
				13E4D4402BEA3CD6003B7041 /* Common */,
				1388C07E2BEBAA630077B4DB /* PokemonDetail */,
				13E4D43D2BEA3C52003B7041 /* PokemonList */,
				13AD9BDF2BEA33BD00FEB667 /* AppDelegate.swift */,
				13AD9BE12BEA33BD00FEB667 /* SceneDelegate.swift */,
				13AD9BE82BEA33C300FEB667 /* Assets.xcassets */,
				13AD9BEA2BEA33C300FEB667 /* LaunchScreen.storyboard */,
				13AD9BED2BEA33C300FEB667 /* Info.plist */,
			);
			path = PokedexMvvm;
			sourceTree = "<group>";
		};
		13AD9BF52BEA33C300FEB667 /* PokedexMvvmTests */ = {
			isa = PBXGroup;
			children = (
				13AD9BF62BEA33C300FEB667 /* PokedexMvvmTests.swift */,
			);
			path = PokedexMvvmTests;
			sourceTree = "<group>";
		};
		13AD9BFF2BEA33C300FEB667 /* PokedexMvvmUITests */ = {
			isa = PBXGroup;
			children = (
				13AD9C002BEA33C300FEB667 /* PokedexMvvmUITests.swift */,
				13AD9C022BEA33C300FEB667 /* PokedexMvvmUITestsLaunchTests.swift */,
			);
			path = PokedexMvvmUITests;
			sourceTree = "<group>";
		};
		13E4D43D2BEA3C52003B7041 /* PokemonList */ = {
			isa = PBXGroup;
			children = (
				1388C0762BEAC5600077B4DB /* TableViewCells */,
				13E4D43E2BEA3CAA003B7041 /* PokemonListRouter.swift */,
				13E4D4432BEA3DAA003B7041 /* PokemonListCoordinator.swift */,
				13E4D4452BEA3E2C003B7041 /* PokemonListViewController.swift */,
				13E4D4472BEA3E49003B7041 /* PokemonListView.swift */,
				13E4D45D2BEA918E003B7041 /* PokemonListViewModel.swift */,
			);
			path = PokemonList;
			sourceTree = "<group>";
		};
		13E4D4402BEA3CD6003B7041 /* Common */ = {
			isa = PBXGroup;
			children = (
				13E4D4412BEA3CF9003B7041 /* RouterProtocol.swift */,
				13E4D4492BEA4081003B7041 /* ViewCodeProtocol.swift */,
			);
			path = Common;
			sourceTree = "<group>";
		};
		13E4D44C2BEA44F6003B7041 /* Service */ = {
			isa = PBXGroup;
			children = (
				13E4D4512BEA4619003B7041 /* PokemonListService.swift */,
				13E4D44D2BEA456E003B7041 /* APIConfiguration.swift */,
				13E4D44F2BEA45A6003B7041 /* NetworkInfo.swift */,
				13E4D4532BEA467D003B7041 /* Endpoints.swift */,
			);
			path = Service;
			sourceTree = "<group>";
		};
		A6962B428992E72B029FDA00 /* Frameworks */ = {
			isa = PBXGroup;
			children = (
				D093B99A21E973118B3898DD /* Pods_PokedexMvvm.framework */,
				F66137189594FAC3662767FC /* Pods_PokedexMvvm_PokedexMvvmUITests.framework */,
				E20394603A76047484E1BF50 /* Pods_PokedexMvvmTests.framework */,
			);
			name = Frameworks;
			sourceTree = "<group>";
		};
		BF835FB0802D317D37DB4343 /* Pods */ = {
			isa = PBXGroup;
			children = (
				8CC4C8F0E34E4EE5EFDA6504 /* Pods-PokedexMvvm.debug.xcconfig */,
				EDCD31D55891CDEE375FEF8F /* Pods-PokedexMvvm.release.xcconfig */,
				3E61F89684105BA544AC9540 /* Pods-PokedexMvvm-PokedexMvvmUITests.debug.xcconfig */,
				F376B3B6CD33F84AAEC4AB49 /* Pods-PokedexMvvm-PokedexMvvmUITests.release.xcconfig */,
				B5DA334A87BEA87484B2E1D5 /* Pods-PokedexMvvmTests.debug.xcconfig */,
				DBEB00351EBF216135A51DB9 /* Pods-PokedexMvvmTests.release.xcconfig */,
			);
			path = Pods;
			sourceTree = "<group>";
		};
/* End PBXGroup section */

/* Begin PBXNativeTarget section */
		13AD9BDB2BEA33BD00FEB667 /* PokedexMvvm */ = {
			isa = PBXNativeTarget;
			buildConfigurationList = 13AD9C062BEA33C300FEB667 /* Build configuration list for PBXNativeTarget "PokedexMvvm" */;
			buildPhases = (
				86642C4B433C83769892F0E9 /* [CP] Check Pods Manifest.lock */,
				13AD9BD82BEA33BD00FEB667 /* Sources */,
				13AD9BD92BEA33BD00FEB667 /* Frameworks */,
				13AD9BDA2BEA33BD00FEB667 /* Resources */,
				DA19CD95124301C4198C4826 /* [CP] Embed Pods Frameworks */,
			);
			buildRules = (
			);
			dependencies = (
			);
			name = PokedexMvvm;
			productName = PokedexMvvm;
			productReference = 13AD9BDC2BEA33BD00FEB667 /* PokedexMvvm.app */;
			productType = "com.apple.product-type.application";
		};
		13AD9BF12BEA33C300FEB667 /* PokedexMvvmTests */ = {
			isa = PBXNativeTarget;
			buildConfigurationList = 13AD9C092BEA33C300FEB667 /* Build configuration list for PBXNativeTarget "PokedexMvvmTests" */;
			buildPhases = (
				090532563413DFCFCA1C3D57 /* [CP] Check Pods Manifest.lock */,
				13AD9BEE2BEA33C300FEB667 /* Sources */,
				13AD9BEF2BEA33C300FEB667 /* Frameworks */,
				13AD9BF02BEA33C300FEB667 /* Resources */,
			);
			buildRules = (
			);
			dependencies = (
				13AD9BF42BEA33C300FEB667 /* PBXTargetDependency */,
			);
			name = PokedexMvvmTests;
			productName = PokedexMvvmTests;
			productReference = 13AD9BF22BEA33C300FEB667 /* PokedexMvvmTests.xctest */;
			productType = "com.apple.product-type.bundle.unit-test";
		};
		13AD9BFB2BEA33C300FEB667 /* PokedexMvvmUITests */ = {
			isa = PBXNativeTarget;
			buildConfigurationList = 13AD9C0C2BEA33C300FEB667 /* Build configuration list for PBXNativeTarget "PokedexMvvmUITests" */;
			buildPhases = (
				6DB177D54D4D56DBF1C54C2A /* [CP] Check Pods Manifest.lock */,
				13AD9BF82BEA33C300FEB667 /* Sources */,
				13AD9BF92BEA33C300FEB667 /* Frameworks */,
				13AD9BFA2BEA33C300FEB667 /* Resources */,
				D0DD8E8C095BA217148B83E9 /* [CP] Embed Pods Frameworks */,
			);
			buildRules = (
			);
			dependencies = (
				13AD9BFE2BEA33C300FEB667 /* PBXTargetDependency */,
			);
			name = PokedexMvvmUITests;
			productName = PokedexMvvmUITests;
			productReference = 13AD9BFC2BEA33C300FEB667 /* PokedexMvvmUITests.xctest */;
			productType = "com.apple.product-type.bundle.ui-testing";
		};
/* End PBXNativeTarget section */

/* Begin PBXProject section */
		13AD9BD42BEA33BD00FEB667 /* Project object */ = {
			isa = PBXProject;
			attributes = {
				BuildIndependentTargetsInParallel = 1;
				LastSwiftUpdateCheck = 1340;
				LastUpgradeCheck = 1340;
				TargetAttributes = {
					13AD9BDB2BEA33BD00FEB667 = {
						CreatedOnToolsVersion = 13.4.1;
					};
					13AD9BF12BEA33C300FEB667 = {
						CreatedOnToolsVersion = 13.4.1;
						TestTargetID = 13AD9BDB2BEA33BD00FEB667;
					};
					13AD9BFB2BEA33C300FEB667 = {
						CreatedOnToolsVersion = 13.4.1;
						TestTargetID = 13AD9BDB2BEA33BD00FEB667;
					};
				};
			};
			buildConfigurationList = 13AD9BD72BEA33BD00FEB667 /* Build configuration list for PBXProject "PokedexMvvm" */;
			compatibilityVersion = "Xcode 13.0";
			developmentRegion = en;
			hasScannedForEncodings = 0;
			knownRegions = (
				en,
				Base,
			);
			mainGroup = 13AD9BD32BEA33BD00FEB667;
			productRefGroup = 13AD9BDD2BEA33BD00FEB667 /* Products */;
			projectDirPath = "";
			projectRoot = "";
			targets = (
				13AD9BDB2BEA33BD00FEB667 /* PokedexMvvm */,
				13AD9BF12BEA33C300FEB667 /* PokedexMvvmTests */,
				13AD9BFB2BEA33C300FEB667 /* PokedexMvvmUITests */,
			);
		};
/* End PBXProject section */

/* Begin PBXResourcesBuildPhase section */
		13AD9BDA2BEA33BD00FEB667 /* Resources */ = {
			isa = PBXResourcesBuildPhase;
			buildActionMask = 2147483647;
			files = (
				13AD9BEC2BEA33C300FEB667 /* LaunchScreen.storyboard in Resources */,
				13AD9BE92BEA33C300FEB667 /* Assets.xcassets in Resources */,
			);
			runOnlyForDeploymentPostprocessing = 0;
		};
		13AD9BF02BEA33C300FEB667 /* Resources */ = {
			isa = PBXResourcesBuildPhase;
			buildActionMask = 2147483647;
			files = (
			);
			runOnlyForDeploymentPostprocessing = 0;
		};
		13AD9BFA2BEA33C300FEB667 /* Resources */ = {
			isa = PBXResourcesBuildPhase;
			buildActionMask = 2147483647;
			files = (
			);
			runOnlyForDeploymentPostprocessing = 0;
		};
/* End PBXResourcesBuildPhase section */

/* Begin PBXShellScriptBuildPhase section */
		090532563413DFCFCA1C3D57 /* [CP] Check Pods Manifest.lock */ = {
			isa = PBXShellScriptBuildPhase;
			buildActionMask = 2147483647;
			files = (
			);
			inputFileListPaths = (
			);
			inputPaths = (
				"${PODS_PODFILE_DIR_PATH}/Podfile.lock",
				"${PODS_ROOT}/Manifest.lock",
			);
			name = "[CP] Check Pods Manifest.lock";
			outputFileListPaths = (
			);
			outputPaths = (
				"$(DERIVED_FILE_DIR)/Pods-PokedexMvvmTests-checkManifestLockResult.txt",
			);
			runOnlyForDeploymentPostprocessing = 0;
			shellPath = /bin/sh;
			shellScript = "diff \"${PODS_PODFILE_DIR_PATH}/Podfile.lock\" \"${PODS_ROOT}/Manifest.lock\" > /dev/null\nif [ $? != 0 ] ; then\n    # print error to STDERR\n    echo \"error: The sandbox is not in sync with the Podfile.lock. Run 'pod install' or update your CocoaPods installation.\" >&2\n    exit 1\nfi\n# This output is used by Xcode 'outputs' to avoid re-running this script phase.\necho \"SUCCESS\" > \"${SCRIPT_OUTPUT_FILE_0}\"\n";
			showEnvVarsInLog = 0;
		};
		6DB177D54D4D56DBF1C54C2A /* [CP] Check Pods Manifest.lock */ = {
			isa = PBXShellScriptBuildPhase;
			buildActionMask = 2147483647;
			files = (
			);
			inputFileListPaths = (
			);
			inputPaths = (
				"${PODS_PODFILE_DIR_PATH}/Podfile.lock",
				"${PODS_ROOT}/Manifest.lock",
			);
			name = "[CP] Check Pods Manifest.lock";
			outputFileListPaths = (
			);
			outputPaths = (
				"$(DERIVED_FILE_DIR)/Pods-PokedexMvvm-PokedexMvvmUITests-checkManifestLockResult.txt",
			);
			runOnlyForDeploymentPostprocessing = 0;
			shellPath = /bin/sh;
			shellScript = "diff \"${PODS_PODFILE_DIR_PATH}/Podfile.lock\" \"${PODS_ROOT}/Manifest.lock\" > /dev/null\nif [ $? != 0 ] ; then\n    # print error to STDERR\n    echo \"error: The sandbox is not in sync with the Podfile.lock. Run 'pod install' or update your CocoaPods installation.\" >&2\n    exit 1\nfi\n# This output is used by Xcode 'outputs' to avoid re-running this script phase.\necho \"SUCCESS\" > \"${SCRIPT_OUTPUT_FILE_0}\"\n";
			showEnvVarsInLog = 0;
		};
		86642C4B433C83769892F0E9 /* [CP] Check Pods Manifest.lock */ = {
			isa = PBXShellScriptBuildPhase;
			buildActionMask = 2147483647;
			files = (
			);
			inputFileListPaths = (
			);
			inputPaths = (
				"${PODS_PODFILE_DIR_PATH}/Podfile.lock",
				"${PODS_ROOT}/Manifest.lock",
			);
			name = "[CP] Check Pods Manifest.lock";
			outputFileListPaths = (
			);
			outputPaths = (
				"$(DERIVED_FILE_DIR)/Pods-PokedexMvvm-checkManifestLockResult.txt",
			);
			runOnlyForDeploymentPostprocessing = 0;
			shellPath = /bin/sh;
			shellScript = "diff \"${PODS_PODFILE_DIR_PATH}/Podfile.lock\" \"${PODS_ROOT}/Manifest.lock\" > /dev/null\nif [ $? != 0 ] ; then\n    # print error to STDERR\n    echo \"error: The sandbox is not in sync with the Podfile.lock. Run 'pod install' or update your CocoaPods installation.\" >&2\n    exit 1\nfi\n# This output is used by Xcode 'outputs' to avoid re-running this script phase.\necho \"SUCCESS\" > \"${SCRIPT_OUTPUT_FILE_0}\"\n";
			showEnvVarsInLog = 0;
		};
		D0DD8E8C095BA217148B83E9 /* [CP] Embed Pods Frameworks */ = {
			isa = PBXShellScriptBuildPhase;
			buildActionMask = 2147483647;
			files = (
			);
			inputFileListPaths = (
				"${PODS_ROOT}/Target Support Files/Pods-PokedexMvvm-PokedexMvvmUITests/Pods-PokedexMvvm-PokedexMvvmUITests-frameworks-${CONFIGURATION}-input-files.xcfilelist",
			);
			name = "[CP] Embed Pods Frameworks";
			outputFileListPaths = (
				"${PODS_ROOT}/Target Support Files/Pods-PokedexMvvm-PokedexMvvmUITests/Pods-PokedexMvvm-PokedexMvvmUITests-frameworks-${CONFIGURATION}-output-files.xcfilelist",
			);
			runOnlyForDeploymentPostprocessing = 0;
			shellPath = /bin/sh;
			shellScript = "\"${PODS_ROOT}/Target Support Files/Pods-PokedexMvvm-PokedexMvvmUITests/Pods-PokedexMvvm-PokedexMvvmUITests-frameworks.sh\"\n";
			showEnvVarsInLog = 0;
		};
		DA19CD95124301C4198C4826 /* [CP] Embed Pods Frameworks */ = {
			isa = PBXShellScriptBuildPhase;
			buildActionMask = 2147483647;
			files = (
			);
			inputFileListPaths = (
				"${PODS_ROOT}/Target Support Files/Pods-PokedexMvvm/Pods-PokedexMvvm-frameworks-${CONFIGURATION}-input-files.xcfilelist",
			);
			name = "[CP] Embed Pods Frameworks";
			outputFileListPaths = (
				"${PODS_ROOT}/Target Support Files/Pods-PokedexMvvm/Pods-PokedexMvvm-frameworks-${CONFIGURATION}-output-files.xcfilelist",
			);
			runOnlyForDeploymentPostprocessing = 0;
			shellPath = /bin/sh;
			shellScript = "\"${PODS_ROOT}/Target Support Files/Pods-PokedexMvvm/Pods-PokedexMvvm-frameworks.sh\"\n";
			showEnvVarsInLog = 0;
		};
/* End PBXShellScriptBuildPhase section */

/* Begin PBXSourcesBuildPhase section */
		13AD9BD82BEA33BD00FEB667 /* Sources */ = {
			isa = PBXSourcesBuildPhase;
			buildActionMask = 2147483647;
			files = (
				13E4D45A2BEA587D003B7041 /* PokemonAPIModel.swift in Sources */,
				1388C09E2BED7DAB0077B4DB /* Collection+Extension.swift in Sources */,
				1388C07D2BEB93CB0077B4DB /* Color+Extension.swift in Sources */,
				13E4D4502BEA45A6003B7041 /* NetworkInfo.swift in Sources */,
				13AD9BE02BEA33BD00FEB667 /* AppDelegate.swift in Sources */,
				13E4D44A2BEA4081003B7041 /* ViewCodeProtocol.swift in Sources */,
				1388C0852BEBB0B40077B4DB /* PokemonDetailView.swift in Sources */,
				13E4D4522BEA4619003B7041 /* PokemonListService.swift in Sources */,
				13AD9BE22BEA33BD00FEB667 /* SceneDelegate.swift in Sources */,
				1388C0782BEAC57A0077B4DB /* LoadingTableViewCell.swift in Sources */,
				1388C0962BED47E40077B4DB /* PokemonDetailContainerView.swift in Sources */,
				1388C0812BEBAFD00077B4DB /* PokemonDetailCoordinator.swift in Sources */,
				1388C0982BED54460077B4DB /* PokemonDetailSpecModel.swift in Sources */,
				13E4D4422BEA3CF9003B7041 /* RouterProtocol.swift in Sources */,
				13E4D44E2BEA456E003B7041 /* APIConfiguration.swift in Sources */,
				13E4D4442BEA3DAA003B7041 /* PokemonListCoordinator.swift in Sources */,
				1388C0922BECFB980077B4DB /* PokemonDetailItemView.swift in Sources */,
				13E4D4462BEA3E2C003B7041 /* PokemonListViewController.swift in Sources */,
				13E4D4482BEA3E49003B7041 /* PokemonListView.swift in Sources */,
				13E4D4542BEA467D003B7041 /* Endpoints.swift in Sources */,
				13E4D43F2BEA3CAA003B7041 /* PokemonListRouter.swift in Sources */,
				1388C0942BECFD9D0077B4DB /* PokemonDetailPageView.swift in Sources */,
				13E4D45E2BEA918E003B7041 /* PokemonListViewModel.swift in Sources */,
				1388C0832BEBB0350077B4DB /* PokemonDetailViewController.swift in Sources */,
				1388C0892BEBE0A00077B4DB /* PokemonDetailViewModel.swift in Sources */,
				1388C09C2BED57670077B4DB /* PokemonDetailSpecFactory.swift in Sources */,
				1388C07A2BEAC59F0077B4DB /* PokemonListTableViewCelll.swift in Sources */,
				1388C0A02BED962D0077B4DB /* String+Extension.swift in Sources */,
				13E4D45C2BEA7D79003B7041 /* PokemonDetail.swift in Sources */,
			);
			runOnlyForDeploymentPostprocessing = 0;
		};
		13AD9BEE2BEA33C300FEB667 /* Sources */ = {
			isa = PBXSourcesBuildPhase;
			buildActionMask = 2147483647;
			files = (
				13AD9BF72BEA33C300FEB667 /* PokedexMvvmTests.swift in Sources */,
			);
			runOnlyForDeploymentPostprocessing = 0;
		};
		13AD9BF82BEA33C300FEB667 /* Sources */ = {
			isa = PBXSourcesBuildPhase;
			buildActionMask = 2147483647;
			files = (
				13AD9C012BEA33C300FEB667 /* PokedexMvvmUITests.swift in Sources */,
				13AD9C032BEA33C300FEB667 /* PokedexMvvmUITestsLaunchTests.swift in Sources */,
			);
			runOnlyForDeploymentPostprocessing = 0;
		};
/* End PBXSourcesBuildPhase section */

/* Begin PBXTargetDependency section */
		13AD9BF42BEA33C300FEB667 /* PBXTargetDependency */ = {
			isa = PBXTargetDependency;
			target = 13AD9BDB2BEA33BD00FEB667 /* PokedexMvvm */;
			targetProxy = 13AD9BF32BEA33C300FEB667 /* PBXContainerItemProxy */;
		};
		13AD9BFE2BEA33C300FEB667 /* PBXTargetDependency */ = {
			isa = PBXTargetDependency;
			target = 13AD9BDB2BEA33BD00FEB667 /* PokedexMvvm */;
			targetProxy = 13AD9BFD2BEA33C300FEB667 /* PBXContainerItemProxy */;
		};
/* End PBXTargetDependency section */

/* Begin PBXVariantGroup section */
		13AD9BEA2BEA33C300FEB667 /* LaunchScreen.storyboard */ = {
			isa = PBXVariantGroup;
			children = (
				13AD9BEB2BEA33C300FEB667 /* Base */,
			);
			name = LaunchScreen.storyboard;
			sourceTree = "<group>";
		};
/* End PBXVariantGroup section */

/* Begin XCBuildConfiguration section */
		13AD9C042BEA33C300FEB667 /* Debug */ = {
			isa = XCBuildConfiguration;
			buildSettings = {
				ALWAYS_SEARCH_USER_PATHS = NO;
				CLANG_ANALYZER_NONNULL = YES;
				CLANG_ANALYZER_NUMBER_OBJECT_CONVERSION = YES_AGGRESSIVE;
				CLANG_CXX_LANGUAGE_STANDARD = "gnu++17";
				CLANG_ENABLE_MODULES = YES;
				CLANG_ENABLE_OBJC_ARC = YES;
				CLANG_ENABLE_OBJC_WEAK = YES;
				CLANG_WARN_BLOCK_CAPTURE_AUTORELEASING = YES;
				CLANG_WARN_BOOL_CONVERSION = YES;
				CLANG_WARN_COMMA = YES;
				CLANG_WARN_CONSTANT_CONVERSION = YES;
				CLANG_WARN_DEPRECATED_OBJC_IMPLEMENTATIONS = YES;
				CLANG_WARN_DIRECT_OBJC_ISA_USAGE = YES_ERROR;
				CLANG_WARN_DOCUMENTATION_COMMENTS = YES;
				CLANG_WARN_EMPTY_BODY = YES;
				CLANG_WARN_ENUM_CONVERSION = YES;
				CLANG_WARN_INFINITE_RECURSION = YES;
				CLANG_WARN_INT_CONVERSION = YES;
				CLANG_WARN_NON_LITERAL_NULL_CONVERSION = YES;
				CLANG_WARN_OBJC_IMPLICIT_RETAIN_SELF = YES;
				CLANG_WARN_OBJC_LITERAL_CONVERSION = YES;
				CLANG_WARN_OBJC_ROOT_CLASS = YES_ERROR;
				CLANG_WARN_QUOTED_INCLUDE_IN_FRAMEWORK_HEADER = YES;
				CLANG_WARN_RANGE_LOOP_ANALYSIS = YES;
				CLANG_WARN_STRICT_PROTOTYPES = YES;
				CLANG_WARN_SUSPICIOUS_MOVE = YES;
				CLANG_WARN_UNGUARDED_AVAILABILITY = YES_AGGRESSIVE;
				CLANG_WARN_UNREACHABLE_CODE = YES;
				CLANG_WARN__DUPLICATE_METHOD_MATCH = YES;
				COPY_PHASE_STRIP = NO;
				DEBUG_INFORMATION_FORMAT = dwarf;
				ENABLE_STRICT_OBJC_MSGSEND = YES;
				ENABLE_TESTABILITY = YES;
				GCC_C_LANGUAGE_STANDARD = gnu11;
				GCC_DYNAMIC_NO_PIC = NO;
				GCC_NO_COMMON_BLOCKS = YES;
				GCC_OPTIMIZATION_LEVEL = 0;
				GCC_PREPROCESSOR_DEFINITIONS = (
					"DEBUG=1",
					"$(inherited)",
				);
				GCC_WARN_64_TO_32_BIT_CONVERSION = YES;
				GCC_WARN_ABOUT_RETURN_TYPE = YES_ERROR;
				GCC_WARN_UNDECLARED_SELECTOR = YES;
				GCC_WARN_UNINITIALIZED_AUTOS = YES_AGGRESSIVE;
				GCC_WARN_UNUSED_FUNCTION = YES;
				GCC_WARN_UNUSED_VARIABLE = YES;
				IPHONEOS_DEPLOYMENT_TARGET = 15.5;
				MTL_ENABLE_DEBUG_INFO = INCLUDE_SOURCE;
				MTL_FAST_MATH = YES;
				ONLY_ACTIVE_ARCH = YES;
				SDKROOT = iphoneos;
				SWIFT_ACTIVE_COMPILATION_CONDITIONS = DEBUG;
				SWIFT_OPTIMIZATION_LEVEL = "-Onone";
			};
			name = Debug;
		};
		13AD9C052BEA33C300FEB667 /* Release */ = {
			isa = XCBuildConfiguration;
			buildSettings = {
				ALWAYS_SEARCH_USER_PATHS = NO;
				CLANG_ANALYZER_NONNULL = YES;
				CLANG_ANALYZER_NUMBER_OBJECT_CONVERSION = YES_AGGRESSIVE;
				CLANG_CXX_LANGUAGE_STANDARD = "gnu++17";
				CLANG_ENABLE_MODULES = YES;
				CLANG_ENABLE_OBJC_ARC = YES;
				CLANG_ENABLE_OBJC_WEAK = YES;
				CLANG_WARN_BLOCK_CAPTURE_AUTORELEASING = YES;
				CLANG_WARN_BOOL_CONVERSION = YES;
				CLANG_WARN_COMMA = YES;
				CLANG_WARN_CONSTANT_CONVERSION = YES;
				CLANG_WARN_DEPRECATED_OBJC_IMPLEMENTATIONS = YES;
				CLANG_WARN_DIRECT_OBJC_ISA_USAGE = YES_ERROR;
				CLANG_WARN_DOCUMENTATION_COMMENTS = YES;
				CLANG_WARN_EMPTY_BODY = YES;
				CLANG_WARN_ENUM_CONVERSION = YES;
				CLANG_WARN_INFINITE_RECURSION = YES;
				CLANG_WARN_INT_CONVERSION = YES;
				CLANG_WARN_NON_LITERAL_NULL_CONVERSION = YES;
				CLANG_WARN_OBJC_IMPLICIT_RETAIN_SELF = YES;
				CLANG_WARN_OBJC_LITERAL_CONVERSION = YES;
				CLANG_WARN_OBJC_ROOT_CLASS = YES_ERROR;
				CLANG_WARN_QUOTED_INCLUDE_IN_FRAMEWORK_HEADER = YES;
				CLANG_WARN_RANGE_LOOP_ANALYSIS = YES;
				CLANG_WARN_STRICT_PROTOTYPES = YES;
				CLANG_WARN_SUSPICIOUS_MOVE = YES;
				CLANG_WARN_UNGUARDED_AVAILABILITY = YES_AGGRESSIVE;
				CLANG_WARN_UNREACHABLE_CODE = YES;
				CLANG_WARN__DUPLICATE_METHOD_MATCH = YES;
				COPY_PHASE_STRIP = NO;
				DEBUG_INFORMATION_FORMAT = "dwarf-with-dsym";
				ENABLE_NS_ASSERTIONS = NO;
				ENABLE_STRICT_OBJC_MSGSEND = YES;
				GCC_C_LANGUAGE_STANDARD = gnu11;
				GCC_NO_COMMON_BLOCKS = YES;
				GCC_WARN_64_TO_32_BIT_CONVERSION = YES;
				GCC_WARN_ABOUT_RETURN_TYPE = YES_ERROR;
				GCC_WARN_UNDECLARED_SELECTOR = YES;
				GCC_WARN_UNINITIALIZED_AUTOS = YES_AGGRESSIVE;
				GCC_WARN_UNUSED_FUNCTION = YES;
				GCC_WARN_UNUSED_VARIABLE = YES;
				IPHONEOS_DEPLOYMENT_TARGET = 15.5;
				MTL_ENABLE_DEBUG_INFO = NO;
				MTL_FAST_MATH = YES;
				SDKROOT = iphoneos;
				SWIFT_COMPILATION_MODE = wholemodule;
				SWIFT_OPTIMIZATION_LEVEL = "-O";
				VALIDATE_PRODUCT = YES;
			};
			name = Release;
		};
		13AD9C072BEA33C300FEB667 /* Debug */ = {
			isa = XCBuildConfiguration;
			baseConfigurationReference = 8CC4C8F0E34E4EE5EFDA6504 /* Pods-PokedexMvvm.debug.xcconfig */;
			buildSettings = {
				ASSETCATALOG_COMPILER_APPICON_NAME = AppIcon;
				ASSETCATALOG_COMPILER_GLOBAL_ACCENT_COLOR_NAME = AccentColor;
				CODE_SIGN_STYLE = Automatic;
				CURRENT_PROJECT_VERSION = 1;
				DEVELOPMENT_TEAM = 4N8M4W4U2Q;
				GENERATE_INFOPLIST_FILE = YES;
				INFOPLIST_FILE = PokedexMvvm/Info.plist;
				INFOPLIST_KEY_UIApplicationSupportsIndirectInputEvents = YES;
				INFOPLIST_KEY_UILaunchStoryboardName = LaunchScreen;
				INFOPLIST_KEY_UISupportedInterfaceOrientations_iPad = "UIInterfaceOrientationPortrait UIInterfaceOrientationPortraitUpsideDown UIInterfaceOrientationLandscapeLeft UIInterfaceOrientationLandscapeRight";
				INFOPLIST_KEY_UISupportedInterfaceOrientations_iPhone = "UIInterfaceOrientationPortrait UIInterfaceOrientationLandscapeLeft UIInterfaceOrientationLandscapeRight";
				LD_RUNPATH_SEARCH_PATHS = (
					"$(inherited)",
					"@executable_path/Frameworks",
				);
				MARKETING_VERSION = 1.0;
				PRODUCT_BUNDLE_IDENTIFIER = "com.PedroAzevedo.VIP-Learning.PokedexMvvm";
				PRODUCT_NAME = "$(TARGET_NAME)";
				SWIFT_EMIT_LOC_STRINGS = YES;
				SWIFT_VERSION = 5.0;
				TARGETED_DEVICE_FAMILY = "1,2";
			};
			name = Debug;
		};
		13AD9C082BEA33C300FEB667 /* Release */ = {
			isa = XCBuildConfiguration;
			baseConfigurationReference = EDCD31D55891CDEE375FEF8F /* Pods-PokedexMvvm.release.xcconfig */;
			buildSettings = {
				ASSETCATALOG_COMPILER_APPICON_NAME = AppIcon;
				ASSETCATALOG_COMPILER_GLOBAL_ACCENT_COLOR_NAME = AccentColor;
				CODE_SIGN_STYLE = Automatic;
				CURRENT_PROJECT_VERSION = 1;
				DEVELOPMENT_TEAM = 4N8M4W4U2Q;
				GENERATE_INFOPLIST_FILE = YES;
				INFOPLIST_FILE = PokedexMvvm/Info.plist;
				INFOPLIST_KEY_UIApplicationSupportsIndirectInputEvents = YES;
				INFOPLIST_KEY_UILaunchStoryboardName = LaunchScreen;
				INFOPLIST_KEY_UISupportedInterfaceOrientations_iPad = "UIInterfaceOrientationPortrait UIInterfaceOrientationPortraitUpsideDown UIInterfaceOrientationLandscapeLeft UIInterfaceOrientationLandscapeRight";
				INFOPLIST_KEY_UISupportedInterfaceOrientations_iPhone = "UIInterfaceOrientationPortrait UIInterfaceOrientationLandscapeLeft UIInterfaceOrientationLandscapeRight";
				LD_RUNPATH_SEARCH_PATHS = (
					"$(inherited)",
					"@executable_path/Frameworks",
				);
				MARKETING_VERSION = 1.0;
				PRODUCT_BUNDLE_IDENTIFIER = "com.PedroAzevedo.VIP-Learning.PokedexMvvm";
				PRODUCT_NAME = "$(TARGET_NAME)";
				SWIFT_EMIT_LOC_STRINGS = YES;
				SWIFT_VERSION = 5.0;
				TARGETED_DEVICE_FAMILY = "1,2";
			};
			name = Release;
		};
		13AD9C0A2BEA33C300FEB667 /* Debug */ = {
			isa = XCBuildConfiguration;
			baseConfigurationReference = B5DA334A87BEA87484B2E1D5 /* Pods-PokedexMvvmTests.debug.xcconfig */;
			buildSettings = {
				ALWAYS_EMBED_SWIFT_STANDARD_LIBRARIES = YES;
				BUNDLE_LOADER = "$(TEST_HOST)";
				CODE_SIGN_STYLE = Automatic;
				CURRENT_PROJECT_VERSION = 1;
				DEVELOPMENT_TEAM = 4N8M4W4U2Q;
				GENERATE_INFOPLIST_FILE = YES;
				IPHONEOS_DEPLOYMENT_TARGET = 15.5;
				MARKETING_VERSION = 1.0;
				PRODUCT_BUNDLE_IDENTIFIER = "com.PedroAzevedo.VIP-Learning.PokedexMvvmTests";
				PRODUCT_NAME = "$(TARGET_NAME)";
				SWIFT_EMIT_LOC_STRINGS = NO;
				SWIFT_VERSION = 5.0;
				TARGETED_DEVICE_FAMILY = "1,2";
				TEST_HOST = "$(BUILT_PRODUCTS_DIR)/PokedexMvvm.app/PokedexMvvm";
			};
			name = Debug;
		};
		13AD9C0B2BEA33C300FEB667 /* Release */ = {
			isa = XCBuildConfiguration;
			baseConfigurationReference = DBEB00351EBF216135A51DB9 /* Pods-PokedexMvvmTests.release.xcconfig */;
			buildSettings = {
				ALWAYS_EMBED_SWIFT_STANDARD_LIBRARIES = YES;
				BUNDLE_LOADER = "$(TEST_HOST)";
				CODE_SIGN_STYLE = Automatic;
				CURRENT_PROJECT_VERSION = 1;
				DEVELOPMENT_TEAM = 4N8M4W4U2Q;
				GENERATE_INFOPLIST_FILE = YES;
				IPHONEOS_DEPLOYMENT_TARGET = 15.5;
				MARKETING_VERSION = 1.0;
				PRODUCT_BUNDLE_IDENTIFIER = "com.PedroAzevedo.VIP-Learning.PokedexMvvmTests";
				PRODUCT_NAME = "$(TARGET_NAME)";
				SWIFT_EMIT_LOC_STRINGS = NO;
				SWIFT_VERSION = 5.0;
				TARGETED_DEVICE_FAMILY = "1,2";
				TEST_HOST = "$(BUILT_PRODUCTS_DIR)/PokedexMvvm.app/PokedexMvvm";
			};
			name = Release;
		};
		13AD9C0D2BEA33C300FEB667 /* Debug */ = {
			isa = XCBuildConfiguration;
			baseConfigurationReference = 3E61F89684105BA544AC9540 /* Pods-PokedexMvvm-PokedexMvvmUITests.debug.xcconfig */;
			buildSettings = {
				ALWAYS_EMBED_SWIFT_STANDARD_LIBRARIES = YES;
				CODE_SIGN_STYLE = Automatic;
				CURRENT_PROJECT_VERSION = 1;
				DEVELOPMENT_TEAM = 4N8M4W4U2Q;
				GENERATE_INFOPLIST_FILE = YES;
				MARKETING_VERSION = 1.0;
				PRODUCT_BUNDLE_IDENTIFIER = "com.PedroAzevedo.VIP-Learning.PokedexMvvmUITests";
				PRODUCT_NAME = "$(TARGET_NAME)";
				SWIFT_EMIT_LOC_STRINGS = NO;
				SWIFT_VERSION = 5.0;
				TARGETED_DEVICE_FAMILY = "1,2";
				TEST_TARGET_NAME = PokedexMvvm;
			};
			name = Debug;
		};
		13AD9C0E2BEA33C300FEB667 /* Release */ = {
			isa = XCBuildConfiguration;
			baseConfigurationReference = F376B3B6CD33F84AAEC4AB49 /* Pods-PokedexMvvm-PokedexMvvmUITests.release.xcconfig */;
			buildSettings = {
				ALWAYS_EMBED_SWIFT_STANDARD_LIBRARIES = YES;
				CODE_SIGN_STYLE = Automatic;
				CURRENT_PROJECT_VERSION = 1;
				DEVELOPMENT_TEAM = 4N8M4W4U2Q;
				GENERATE_INFOPLIST_FILE = YES;
				MARKETING_VERSION = 1.0;
				PRODUCT_BUNDLE_IDENTIFIER = "com.PedroAzevedo.VIP-Learning.PokedexMvvmUITests";
				PRODUCT_NAME = "$(TARGET_NAME)";
				SWIFT_EMIT_LOC_STRINGS = NO;
				SWIFT_VERSION = 5.0;
				TARGETED_DEVICE_FAMILY = "1,2";
				TEST_TARGET_NAME = PokedexMvvm;
			};
			name = Release;
		};
/* End XCBuildConfiguration section */

/* Begin XCConfigurationList section */
		13AD9BD72BEA33BD00FEB667 /* Build configuration list for PBXProject "PokedexMvvm" */ = {
			isa = XCConfigurationList;
			buildConfigurations = (
				13AD9C042BEA33C300FEB667 /* Debug */,
				13AD9C052BEA33C300FEB667 /* Release */,
			);
			defaultConfigurationIsVisible = 0;
			defaultConfigurationName = Release;
		};
		13AD9C062BEA33C300FEB667 /* Build configuration list for PBXNativeTarget "PokedexMvvm" */ = {
			isa = XCConfigurationList;
			buildConfigurations = (
				13AD9C072BEA33C300FEB667 /* Debug */,
				13AD9C082BEA33C300FEB667 /* Release */,
			);
			defaultConfigurationIsVisible = 0;
			defaultConfigurationName = Release;
		};
		13AD9C092BEA33C300FEB667 /* Build configuration list for PBXNativeTarget "PokedexMvvmTests" */ = {
			isa = XCConfigurationList;
			buildConfigurations = (
				13AD9C0A2BEA33C300FEB667 /* Debug */,
				13AD9C0B2BEA33C300FEB667 /* Release */,
			);
			defaultConfigurationIsVisible = 0;
			defaultConfigurationName = Release;
		};
		13AD9C0C2BEA33C300FEB667 /* Build configuration list for PBXNativeTarget "PokedexMvvmUITests" */ = {
			isa = XCConfigurationList;
			buildConfigurations = (
				13AD9C0D2BEA33C300FEB667 /* Debug */,
				13AD9C0E2BEA33C300FEB667 /* Release */,
			);
			defaultConfigurationIsVisible = 0;
			defaultConfigurationName = Release;
		};
/* End XCConfigurationList section */
	};
	rootObject = 13AD9BD42BEA33BD00FEB667 /* Project object */;
}
